
Microsoft Visual Studio Solution File, Format Version 12.00
# Visual Studio Version 16
VisualStudioVersion = 16.0.30104.148
MinimumVisualStudioVersion = 10.0.40219.1
Project("{8BC9CEB8-8B4A-11D0-8D11-00A0C91BC942}") = "RASecClient", "RASecClient\RASecClient.vcxproj", "{9D021517-936C-497C-9010-E3BC7FEE0E94}"
	ProjectSection(ProjectDependencies) = postProject
		{836D7E3F-FC93-4259-9C6D-9F005E31A421} = {836D7E3F-FC93-4259-9C6D-9F005E31A421}
		{221CEEA7-D701-46C0-9C2E-C1C67775A3CA} = {221CEEA7-D701-46C0-9C2E-C1C67775A3CA}
		{F3ACC5B3-1B53-41B8-B365-D0A4B05C44AB} = {F3ACC5B3-1B53-41B8-B365-D0A4B05C44AB}
	EndProjectSection
EndProject
Project("{2150E333-8FDC-42A3-9474-1A3956D46DE8}") = "Application", "Application", "{1CA8B2B7-65A4-483A-B34A-E5FF3AFAD966}"
EndProject
Project("{2150E333-8FDC-42A3-9474-1A3956D46DE8}") = "Framework", "Framework", "{8638F98D-8013-4ADD-A4CC-61AB18E2F09E}"
EndProject
Project("{8BC9CEB8-8B4A-11D0-8D11-00A0C91BC942}") = "JlxCore", "%JlxSDKPath%\Source\JlxCore\JlxCore.vcxproj", "{27662F50-F225-4833-A324-BD72063E345A}"
EndProject
Project("{2150E333-8FDC-42A3-9474-1A3956D46DE8}") = "Setup", "Setup", "{2342062B-8F06-4E3E-819E-F9FCC4A4757B}"
EndProject
Project("{54435603-DBB4-11D2-8724-00A0C9A8B90C}") = "RASecClientSetup", "RASecClient\Setup\RASecClientSetup.vdproj", "{E70D4F33-C25F-443A-83F2-4D315FFEEFA7}"
EndProject
Project("{8BC9CEB8-8B4A-11D0-8D11-00A0C91BC942}") = "RASecCore", "RASecCore\RASecCore.vcxproj", "{F3ACC5B3-1B53-41B8-B365-D0A4B05C44AB}"
	ProjectSection(ProjectDependencies) = postProject
		{27662F50-F225-4833-A324-BD72063E345A} = {27662F50-F225-4833-A324-BD72063E345A}
	EndProjectSection
EndProject
Project("{8BC9CEB8-8B4A-11D0-8D11-00A0C91BC942}") = "RASecClientActions", "RASecClient\Setup\RASecClientActions\RASecClientActions.vcxproj", "{836D7E3F-FC93-4259-9C6D-9F005E31A421}"
	ProjectSection(ProjectDependencies) = postProject
		{F3ACC5B3-1B53-41B8-B365-D0A4B05C44AB} = {F3ACC5B3-1B53-41B8-B365-D0A4B05C44AB}
	EndProjectSection
EndProject
Project("{8BC9CEB8-8B4A-11D0-8D11-00A0C91BC942}") = "RASecClientMonitor", "RASecClientMonitor\RASecClientMonitor.vcxproj", "{221CEEA7-D701-46C0-9C2E-C1C67775A3CA}"
	ProjectSection(ProjectDependencies) = postProject
		{F3ACC5B3-1B53-41B8-B365-D0A4B05C44AB} = {F3ACC5B3-1B53-41B8-B365-D0A4B05C44AB}
	EndProjectSection
EndProject
Global
	GlobalSection(SolutionConfigurationPlatforms) = preSolution
		Debug|x64 = Debug|x64
		Debug|x86 = Debug|x86
		Release|x64 = Release|x64
		Release|x86 = Release|x86
	EndGlobalSection
	GlobalSection(ProjectConfigurationPlatforms) = postSolution
		{9D021517-936C-497C-9010-E3BC7FEE0E94}.Debug|x64.ActiveCfg = Debug|x64
		{9D021517-936C-497C-9010-E3BC7FEE0E94}.Debug|x64.Build.0 = Debug|x64
		{9D021517-936C-497C-9010-E3BC7FEE0E94}.Debug|x86.ActiveCfg = Debug|Win32
		{9D021517-936C-497C-9010-E3BC7FEE0E94}.Debug|x86.Build.0 = Debug|Win32
		{9D021517-936C-497C-9010-E3BC7FEE0E94}.Release|x64.ActiveCfg = Release|x64
		{9D021517-936C-497C-9010-E3BC7FEE0E94}.Release|x64.Build.0 = Release|x64
		{9D021517-936C-497C-9010-E3BC7FEE0E94}.Release|x86.ActiveCfg = Release|Win32
		{9D021517-936C-497C-9010-E3BC7FEE0E94}.Release|x86.Build.0 = Release|Win32
		{27662F50-F225-4833-A324-BD72063E345A}.Debug|x64.ActiveCfg = Debug|x64
		{27662F50-F225-4833-A324-BD72063E345A}.Debug|x64.Build.0 = Debug|x64
		{27662F50-F225-4833-A324-BD72063E345A}.Debug|x86.ActiveCfg = Debug|Win32
		{27662F50-F225-4833-A324-BD72063E345A}.Debug|x86.Build.0 = Debug|Win32
		{27662F50-F225-4833-A324-BD72063E345A}.Release|x64.ActiveCfg = Release|x64
		{27662F50-F225-4833-A324-BD72063E345A}.Release|x64.Build.0 = Release|x64
		{27662F50-F225-4833-A324-BD72063E345A}.Release|x86.ActiveCfg = Release|Win32
		{27662F50-F225-4833-A324-BD72063E345A}.Release|x86.Build.0 = Release|Win32
		{E70D4F33-C25F-443A-83F2-4D315FFEEFA7}.Debug|x64.ActiveCfg = Debug
		{E70D4F33-C25F-443A-83F2-4D315FFEEFA7}.Debug|x64.Build.0 = Debug
		{E70D4F33-C25F-443A-83F2-4D315FFEEFA7}.Debug|x86.ActiveCfg = Debug
		{E70D4F33-C25F-443A-83F2-4D315FFEEFA7}.Debug|x86.Build.0 = Debug
		{E70D4F33-C25F-443A-83F2-4D315FFEEFA7}.Release|x64.ActiveCfg = Release
		{E70D4F33-C25F-443A-83F2-4D315FFEEFA7}.Release|x64.Build.0 = Release
		{E70D4F33-C25F-443A-83F2-4D315FFEEFA7}.Release|x86.ActiveCfg = Release
		{E70D4F33-C25F-443A-83F2-4D315FFEEFA7}.Release|x86.Build.0 = Release
		{F3ACC5B3-1B53-41B8-B365-D0A4B05C44AB}.Debug|x64.ActiveCfg = Debug|x64
		{F3ACC5B3-1B53-41B8-B365-D0A4B05C44AB}.Debug|x64.Build.0 = Debug|x64
		{F3ACC5B3-1B53-41B8-B365-D0A4B05C44AB}.Debug|x86.ActiveCfg = Debug|Win32
		{F3ACC5B3-1B53-41B8-B365-D0A4B05C44AB}.Debug|x86.Build.0 = Debug|Win32
		{F3ACC5B3-1B53-41B8-B365-D0A4B05C44AB}.Release|x64.ActiveCfg = Release|x64
		{F3ACC5B3-1B53-41B8-B365-D0A4B05C44AB}.Release|x64.Build.0 = Release|x64
		{F3ACC5B3-1B53-41B8-B365-D0A4B05C44AB}.Release|x86.ActiveCfg = Release|Win32
		{F3ACC5B3-1B53-41B8-B365-D0A4B05C44AB}.Release|x86.Build.0 = Release|Win32
		{836D7E3F-FC93-4259-9C6D-9F005E31A421}.Debug|x64.ActiveCfg = Debug|x64
		{836D7E3F-FC93-4259-9C6D-9F005E31A421}.Debug|x64.Build.0 = Debug|x64
		{836D7E3F-FC93-4259-9C6D-9F005E31A421}.Debug|x86.ActiveCfg = Debug|Win32
		{836D7E3F-FC93-4259-9C6D-9F005E31A421}.Debug|x86.Build.0 = Debug|Win32
		{836D7E3F-FC93-4259-9C6D-9F005E31A421}.Release|x64.ActiveCfg = Release|x64
		{836D7E3F-FC93-4259-9C6D-9F005E31A421}.Release|x64.Build.0 = Release|x64
		{836D7E3F-FC93-4259-9C6D-9F005E31A421}.Release|x86.ActiveCfg = Release|Win32
		{836D7E3F-FC93-4259-9C6D-9F005E31A421}.Release|x86.Build.0 = Release|Win32
		{221CEEA7-D701-46C0-9C2E-C1C67775A3CA}.Debug|x64.ActiveCfg = Debug|x64
		{221CEEA7-D701-46C0-9C2E-C1C67775A3CA}.Debug|x64.Build.0 = Debug|x64
		{221CEEA7-D701-46C0-9C2E-C1C67775A3CA}.Debug|x86.ActiveCfg = Debug|Win32
		{221CEEA7-D701-46C0-9C2E-C1C67775A3CA}.Debug|x86.Build.0 = Debug|Win32
		{221CEEA7-D701-46C0-9C2E-C1C67775A3CA}.Release|x64.ActiveCfg = Release|x64
		{221CEEA7-D701-46C0-9C2E-C1C67775A3CA}.Release|x64.Build.0 = Release|x64
		{221CEEA7-D701-46C0-9C2E-C1C67775A3CA}.Release|x86.ActiveCfg = Release|Win32
		{221CEEA7-D701-46C0-9C2E-C1C67775A3CA}.Release|x86.Build.0 = Release|Win32
	EndGlobalSection
	GlobalSection(SolutionProperties) = preSolution
		HideSolutionNode = FALSE
	EndGlobalSection
	GlobalSection(NestedProjects) = preSolution
		{9D021517-936C-497C-9010-E3BC7FEE0E94} = {1CA8B2B7-65A4-483A-B34A-E5FF3AFAD966}
		{27662F50-F225-4833-A324-BD72063E345A} = {8638F98D-8013-4ADD-A4CC-61AB18E2F09E}
		{E70D4F33-C25F-443A-83F2-4D315FFEEFA7} = {2342062B-8F06-4E3E-819E-F9FCC4A4757B}
		{F3ACC5B3-1B53-41B8-B365-D0A4B05C44AB} = {8638F98D-8013-4ADD-A4CC-61AB18E2F09E}
		{836D7E3F-FC93-4259-9C6D-9F005E31A421} = {2342062B-8F06-4E3E-819E-F9FCC4A4757B}
		{221CEEA7-D701-46C0-9C2E-C1C67775A3CA} = {1CA8B2B7-65A4-483A-B34A-E5FF3AFAD966}
	EndGlobalSection
	GlobalSection(ExtensibilityGlobals) = postSolution
		SolutionGuid = {B9E220EC-64E4-4EBF-9D0E-CCDAD2277937}
	EndGlobalSection
EndGlobal
